{
  "pins" : [
    {
      "identity" : "bottomsheet",
      "kind" : "remoteSourceControl",
      "location" : "https://github.com/lucaszischka/BottomSheet",
      "state" : {
        "revision" : "fd87c1d84d61d4c6fae179fef22d30407737f1e1",
        "version" : "2.7.0"
      }
    },
    {
      "identity" : "colorpicker",
      "kind" : "remoteSourceControl",
      "location" : "https://github.com/hendriku/ColorPicker",
      "state" : {
        "revision" : "fb251fa294637ee9ac5337bb678bf4b44f76abeb",
        "version" : "2.1.0"
      }
    },
    {
      "identity" : "dynamiccolor",
      "kind" : "remoteSourceControl",
      "location" : "https://github.com/yannickl/DynamicColor.git",
      "state" : {
        "revision" : "d9beca13ca85baa50ee29832d0db5129fba69630",
        "version" : "5.0.1"
      }
    }
  ],
  "version" : 2
}
